// !$*UTF8*$!
{
	archiveVersion = 1;
	classes = {
	};
	objectVersion = 55;
	objects = {

/* Begin PBXBuildFile section */
		41B50989795B0C2EC6CAED04 /* Pods_GBShop_GBShopUITests.framework in Frameworks */ = {isa = PBXBuildFile; fileRef = 36154A40D2CD0A9BC446FB3C /* Pods_GBShop_GBShopUITests.framework */; };
		9E6D36F30B30AB8D03F356B4 /* Pods_GBShop.framework in Frameworks */ = {isa = PBXBuildFile; fileRef = 9763F662B06F5CB33FBAEC9F /* Pods_GBShop.framework */; };
		9F11205868CD87D7146C3CEA /* Pods_GBShopTests.framework in Frameworks */ = {isa = PBXBuildFile; fileRef = A89DF19AC3535D75138EDF07 /* Pods_GBShopTests.framework */; };
		BC2025B7278EC7C000A8D481 /* LoginResult.swift in Sources */ = {isa = PBXBuildFile; fileRef = BC2025B6278EC7C000A8D481 /* LoginResult.swift */; };
		BC2025B9278EC7D000A8D481 /* User.swift in Sources */ = {isa = PBXBuildFile; fileRef = BC2025B8278EC7D000A8D481 /* User.swift */; };
		BC2025BC278EC8D700A8D481 /* AuthRequestFactory.swift in Sources */ = {isa = PBXBuildFile; fileRef = BC2025BB278EC8D700A8D481 /* AuthRequestFactory.swift */; };
		BC2025BE278EC96000A8D481 /* Auth.swift in Sources */ = {isa = PBXBuildFile; fileRef = BC2025BD278EC96000A8D481 /* Auth.swift */; };
		BC2025C0278ECCA700A8D481 /* RequestFactory.swift in Sources */ = {isa = PBXBuildFile; fileRef = BC2025BF278ECCA700A8D481 /* RequestFactory.swift */; };
		BC360FDA2791238C00A35459 /* Base.lproj in Resources */ = {isa = PBXBuildFile; fileRef = BC360FD92791238C00A35459 /* Base.lproj */; };
		BC378376278EC17E00C916C2 /* RequestRouter.swift in Sources */ = {isa = PBXBuildFile; fileRef = BC378375278EC17E00C916C2 /* RequestRouter.swift */; };
		BCAEF64A277C2FFA00C3B3EC /* AppDelegate.swift in Sources */ = {isa = PBXBuildFile; fileRef = BCAEF649277C2FFA00C3B3EC /* AppDelegate.swift */; };
		BCAEF64C277C2FFA00C3B3EC /* SceneDelegate.swift in Sources */ = {isa = PBXBuildFile; fileRef = BCAEF64B277C2FFA00C3B3EC /* SceneDelegate.swift */; };
		BCAEF656277C2FFA00C3B3EC /* LaunchScreen.storyboard in Resources */ = {isa = PBXBuildFile; fileRef = BCAEF654277C2FFA00C3B3EC /* LaunchScreen.storyboard */; };
		BCAEF661277C2FFA00C3B3EC /* GBShopTests.swift in Sources */ = {isa = PBXBuildFile; fileRef = BCAEF660277C2FFA00C3B3EC /* GBShopTests.swift */; };
		BCAEF66B277C2FFA00C3B3EC /* GBShopUITests.swift in Sources */ = {isa = PBXBuildFile; fileRef = BCAEF66A277C2FFA00C3B3EC /* GBShopUITests.swift */; };
		BCAEF66D277C2FFA00C3B3EC /* GBShopUITestsLaunchTests.swift in Sources */ = {isa = PBXBuildFile; fileRef = BCAEF66C277C2FFA00C3B3EC /* GBShopUITestsLaunchTests.swift */; };
		BCAEF683278EAC3600C3B3EC /* AbstractErrorParser.swift in Sources */ = {isa = PBXBuildFile; fileRef = BCAEF682278EAC3600C3B3EC /* AbstractErrorParser.swift */; };
		BCAEF685278EACD200C3B3EC /* ErrorParser.swift in Sources */ = {isa = PBXBuildFile; fileRef = BCAEF684278EACD200C3B3EC /* ErrorParser.swift */; };
		BCAEF687278EAEF100C3B3EC /* DataRequest.swift in Sources */ = {isa = PBXBuildFile; fileRef = BCAEF686278EAEF100C3B3EC /* DataRequest.swift */; };
/* End PBXBuildFile section */

/* Begin PBXContainerItemProxy section */
		BCAEF65D277C2FFA00C3B3EC /* PBXContainerItemProxy */ = {
			isa = PBXContainerItemProxy;
			containerPortal = BCAEF63E277C2FFA00C3B3EC /* Project object */;
			proxyType = 1;
			remoteGlobalIDString = BCAEF645277C2FFA00C3B3EC;
			remoteInfo = GBShop;
		};
		BCAEF667277C2FFA00C3B3EC /* PBXContainerItemProxy */ = {
			isa = PBXContainerItemProxy;
			containerPortal = BCAEF63E277C2FFA00C3B3EC /* Project object */;
			proxyType = 1;
			remoteGlobalIDString = BCAEF645277C2FFA00C3B3EC;
			remoteInfo = GBShop;
		};
/* End PBXContainerItemProxy section */

/* Begin PBXFileReference section */
		1BFF4B7FA85382436D8E2F21 /* Pods-GBShop-GBShopUITests.debug.xcconfig */ = {isa = PBXFileReference; includeInIndex = 1; lastKnownFileType = text.xcconfig; name = "Pods-GBShop-GBShopUITests.debug.xcconfig"; path = "Target Support Files/Pods-GBShop-GBShopUITests/Pods-GBShop-GBShopUITests.debug.xcconfig"; sourceTree = "<group>"; };
		36154A40D2CD0A9BC446FB3C /* Pods_GBShop_GBShopUITests.framework */ = {isa = PBXFileReference; explicitFileType = wrapper.framework; includeInIndex = 0; path = Pods_GBShop_GBShopUITests.framework; sourceTree = BUILT_PRODUCTS_DIR; };
		9763F662B06F5CB33FBAEC9F /* Pods_GBShop.framework */ = {isa = PBXFileReference; explicitFileType = wrapper.framework; includeInIndex = 0; path = Pods_GBShop.framework; sourceTree = BUILT_PRODUCTS_DIR; };
		A89DF19AC3535D75138EDF07 /* Pods_GBShopTests.framework */ = {isa = PBXFileReference; explicitFileType = wrapper.framework; includeInIndex = 0; path = Pods_GBShopTests.framework; sourceTree = BUILT_PRODUCTS_DIR; };
		ACF7B26FC60FCB24539935E2 /* Pods-GBShopTests.release.xcconfig */ = {isa = PBXFileReference; includeInIndex = 1; lastKnownFileType = text.xcconfig; name = "Pods-GBShopTests.release.xcconfig"; path = "Target Support Files/Pods-GBShopTests/Pods-GBShopTests.release.xcconfig"; sourceTree = "<group>"; };
		BC2025B6278EC7C000A8D481 /* LoginResult.swift */ = {isa = PBXFileReference; lastKnownFileType = sourcecode.swift; path = LoginResult.swift; sourceTree = "<group>"; };
		BC2025B8278EC7D000A8D481 /* User.swift */ = {isa = PBXFileReference; lastKnownFileType = sourcecode.swift; path = User.swift; sourceTree = "<group>"; };
		BC2025BB278EC8D700A8D481 /* AuthRequestFactory.swift */ = {isa = PBXFileReference; lastKnownFileType = sourcecode.swift; path = AuthRequestFactory.swift; sourceTree = "<group>"; };
		BC2025BD278EC96000A8D481 /* Auth.swift */ = {isa = PBXFileReference; lastKnownFileType = sourcecode.swift; path = Auth.swift; sourceTree = "<group>"; };
		BC2025BF278ECCA700A8D481 /* RequestFactory.swift */ = {isa = PBXFileReference; lastKnownFileType = sourcecode.swift; path = RequestFactory.swift; sourceTree = "<group>"; };
		BC360FD92791238C00A35459 /* Base.lproj */ = {isa = PBXFileReference; lastKnownFileType = folder; path = Base.lproj; sourceTree = "<group>"; };
		BC378375278EC17E00C916C2 /* RequestRouter.swift */ = {isa = PBXFileReference; lastKnownFileType = sourcecode.swift; path = RequestRouter.swift; sourceTree = "<group>"; };
		BCAEF646277C2FFA00C3B3EC /* GBShop.app */ = {isa = PBXFileReference; explicitFileType = wrapper.application; includeInIndex = 0; path = GBShop.app; sourceTree = BUILT_PRODUCTS_DIR; };
		BCAEF649277C2FFA00C3B3EC /* AppDelegate.swift */ = {isa = PBXFileReference; lastKnownFileType = sourcecode.swift; path = AppDelegate.swift; sourceTree = "<group>"; };
		BCAEF64B277C2FFA00C3B3EC /* SceneDelegate.swift */ = {isa = PBXFileReference; lastKnownFileType = sourcecode.swift; path = SceneDelegate.swift; sourceTree = "<group>"; };
		BCAEF655277C2FFA00C3B3EC /* Base */ = {isa = PBXFileReference; lastKnownFileType = file.storyboard; name = Base; path = Base.lproj/LaunchScreen.storyboard; sourceTree = "<group>"; };
		BCAEF657277C2FFA00C3B3EC /* Info.plist */ = {isa = PBXFileReference; lastKnownFileType = text.plist.xml; path = Info.plist; sourceTree = "<group>"; };
		BCAEF65C277C2FFA00C3B3EC /* GBShopTests.xctest */ = {isa = PBXFileReference; explicitFileType = wrapper.cfbundle; includeInIndex = 0; path = GBShopTests.xctest; sourceTree = BUILT_PRODUCTS_DIR; };
		BCAEF660277C2FFA00C3B3EC /* GBShopTests.swift */ = {isa = PBXFileReference; lastKnownFileType = sourcecode.swift; path = GBShopTests.swift; sourceTree = "<group>"; };
		BCAEF666277C2FFA00C3B3EC /* GBShopUITests.xctest */ = {isa = PBXFileReference; explicitFileType = wrapper.cfbundle; includeInIndex = 0; path = GBShopUITests.xctest; sourceTree = BUILT_PRODUCTS_DIR; };
		BCAEF66A277C2FFA00C3B3EC /* GBShopUITests.swift */ = {isa = PBXFileReference; lastKnownFileType = sourcecode.swift; path = GBShopUITests.swift; sourceTree = "<group>"; };
		BCAEF66C277C2FFA00C3B3EC /* GBShopUITestsLaunchTests.swift */ = {isa = PBXFileReference; lastKnownFileType = sourcecode.swift; path = GBShopUITestsLaunchTests.swift; sourceTree = "<group>"; };
		BCAEF682278EAC3600C3B3EC /* AbstractErrorParser.swift */ = {isa = PBXFileReference; lastKnownFileType = sourcecode.swift; path = AbstractErrorParser.swift; sourceTree = "<group>"; };
		BCAEF684278EACD200C3B3EC /* ErrorParser.swift */ = {isa = PBXFileReference; lastKnownFileType = sourcecode.swift; path = ErrorParser.swift; sourceTree = "<group>"; };
		BCAEF686278EAEF100C3B3EC /* DataRequest.swift */ = {isa = PBXFileReference; lastKnownFileType = sourcecode.swift; path = DataRequest.swift; sourceTree = "<group>"; };
		CA43A50FE7BC5AD061DB3F36 /* Pods-GBShopTests.debug.xcconfig */ = {isa = PBXFileReference; includeInIndex = 1; lastKnownFileType = text.xcconfig; name = "Pods-GBShopTests.debug.xcconfig"; path = "Target Support Files/Pods-GBShopTests/Pods-GBShopTests.debug.xcconfig"; sourceTree = "<group>"; };
		D940F3F2CFEE6F0FC3136FCB /* Pods-GBShop-GBShopUITests.release.xcconfig */ = {isa = PBXFileReference; includeInIndex = 1; lastKnownFileType = text.xcconfig; name = "Pods-GBShop-GBShopUITests.release.xcconfig"; path = "Target Support Files/Pods-GBShop-GBShopUITests/Pods-GBShop-GBShopUITests.release.xcconfig"; sourceTree = "<group>"; };
		E62178BA88DE74FBAEE24BD0 /* Pods-GBShop.debug.xcconfig */ = {isa = PBXFileReference; includeInIndex = 1; lastKnownFileType = text.xcconfig; name = "Pods-GBShop.debug.xcconfig"; path = "Target Support Files/Pods-GBShop/Pods-GBShop.debug.xcconfig"; sourceTree = "<group>"; };
		F6C2CB3DDF71377FF2C0FFFF /* Pods-GBShop.release.xcconfig */ = {isa = PBXFileReference; includeInIndex = 1; lastKnownFileType = text.xcconfig; name = "Pods-GBShop.release.xcconfig"; path = "Target Support Files/Pods-GBShop/Pods-GBShop.release.xcconfig"; sourceTree = "<group>"; };
/* End PBXFileReference section */

/* Begin PBXFrameworksBuildPhase section */
		BCAEF643277C2FFA00C3B3EC /* Frameworks */ = {
			isa = PBXFrameworksBuildPhase;
			buildActionMask = 2147483647;
			files = (
				9E6D36F30B30AB8D03F356B4 /* Pods_GBShop.framework in Frameworks */,
			);
			runOnlyForDeploymentPostprocessing = 0;
		};
		BCAEF659277C2FFA00C3B3EC /* Frameworks */ = {
			isa = PBXFrameworksBuildPhase;
			buildActionMask = 2147483647;
			files = (
				9F11205868CD87D7146C3CEA /* Pods_GBShopTests.framework in Frameworks */,
			);
			runOnlyForDeploymentPostprocessing = 0;
		};
		BCAEF663277C2FFA00C3B3EC /* Frameworks */ = {
			isa = PBXFrameworksBuildPhase;
			buildActionMask = 2147483647;
			files = (
				41B50989795B0C2EC6CAED04 /* Pods_GBShop_GBShopUITests.framework in Frameworks */,
			);
			runOnlyForDeploymentPostprocessing = 0;
		};
/* End PBXFrameworksBuildPhase section */

/* Begin PBXGroup section */
		B3DB4EA82B5EF0F10CC6E6D7 /* Pods */ = {
			isa = PBXGroup;
			children = (
				E62178BA88DE74FBAEE24BD0 /* Pods-GBShop.debug.xcconfig */,
				F6C2CB3DDF71377FF2C0FFFF /* Pods-GBShop.release.xcconfig */,
				1BFF4B7FA85382436D8E2F21 /* Pods-GBShop-GBShopUITests.debug.xcconfig */,
				D940F3F2CFEE6F0FC3136FCB /* Pods-GBShop-GBShopUITests.release.xcconfig */,
				CA43A50FE7BC5AD061DB3F36 /* Pods-GBShopTests.debug.xcconfig */,
				ACF7B26FC60FCB24539935E2 /* Pods-GBShopTests.release.xcconfig */,
			);
			path = Pods;
			sourceTree = "<group>";
		};
		BC2025BA278EC8B200A8D481 /* Network */ = {
			isa = PBXGroup;
			children = (
				BC2025BB278EC8D700A8D481 /* AuthRequestFactory.swift */,
				BC2025BD278EC96000A8D481 /* Auth.swift */,
				BC2025BF278ECCA700A8D481 /* RequestFactory.swift */,
			);
			name = Network;
			sourceTree = "<group>";
		};
		BCAEF63D277C2FFA00C3B3EC = {
			isa = PBXGroup;
			children = (
				BCAEF648277C2FFA00C3B3EC /* GBShop */,
				BCAEF65F277C2FFA00C3B3EC /* GBShopTests */,
				BCAEF669277C2FFA00C3B3EC /* GBShopUITests */,
				BCAEF647277C2FFA00C3B3EC /* Products */,
				B3DB4EA82B5EF0F10CC6E6D7 /* Pods */,
				C54C76F946475147E017B682 /* Frameworks */,
			);
			sourceTree = "<group>";
		};
		BCAEF647277C2FFA00C3B3EC /* Products */ = {
			isa = PBXGroup;
			children = (
				BCAEF646277C2FFA00C3B3EC /* GBShop.app */,
				BCAEF65C277C2FFA00C3B3EC /* GBShopTests.xctest */,
				BCAEF666277C2FFA00C3B3EC /* GBShopUITests.xctest */,
			);
			name = Products;
			sourceTree = "<group>";
		};
		BCAEF648277C2FFA00C3B3EC /* GBShop */ = {
			isa = PBXGroup;
			children = (
				BCAEF679277C353600C3B3EC /* App */,
				BCAEF67E277C358B00C3B3EC /* Core */,
				BCAEF67F277C359A00C3B3EC /* Resources */,
				BCAEF680277C35EC00C3B3EC /* Environments */,
				BCAEF64B277C2FFA00C3B3EC /* SceneDelegate.swift */,
			);
			path = GBShop;
			sourceTree = "<group>";
		};
		BCAEF65F277C2FFA00C3B3EC /* GBShopTests */ = {
			isa = PBXGroup;
			children = (
				BCAEF660277C2FFA00C3B3EC /* GBShopTests.swift */,
			);
			path = GBShopTests;
			sourceTree = "<group>";
		};
		BCAEF669277C2FFA00C3B3EC /* GBShopUITests */ = {
			isa = PBXGroup;
			children = (
				BCAEF66A277C2FFA00C3B3EC /* GBShopUITests.swift */,
				BCAEF66C277C2FFA00C3B3EC /* GBShopUITestsLaunchTests.swift */,
			);
			path = GBShopUITests;
			sourceTree = "<group>";
		};
		BCAEF679277C353600C3B3EC /* App */ = {
			isa = PBXGroup;
			children = (
				BCAEF649277C2FFA00C3B3EC /* AppDelegate.swift */,
				BCAEF67D277C357900C3B3EC /* Flows */,
				BCAEF67C277C356A00C3B3EC /* Assembly */,
				BCAEF67B277C355900C3B3EC /* Entity */,
				BCAEF67A277C354000C3B3EC /* BuissinessLogic */,
			);
			path = App;
			sourceTree = "<group>";
		};
		BCAEF67A277C354000C3B3EC /* BuissinessLogic */ = {
			isa = PBXGroup;
			children = (
				BC2025BA278EC8B200A8D481 /* Network */,
			);
			name = BuissinessLogic;
			sourceTree = "<group>";
		};
		BCAEF67B277C355900C3B3EC /* Entity */ = {
			isa = PBXGroup;
			children = (
				BC2025B6278EC7C000A8D481 /* LoginResult.swift */,
				BC2025B8278EC7D000A8D481 /* User.swift */,
			);
			name = Entity;
			sourceTree = "<group>";
		};
		BCAEF67C277C356A00C3B3EC /* Assembly */ = {
			isa = PBXGroup;
			children = (
			);
			name = Assembly;
			sourceTree = "<group>";
		};
		BCAEF67D277C357900C3B3EC /* Flows */ = {
			isa = PBXGroup;
			children = (
			);
			name = Flows;
			sourceTree = "<group>";
		};
		BCAEF67E277C358B00C3B3EC /* Core */ = {
			isa = PBXGroup;
			children = (
				BCAEF681278EABC100C3B3EC /* Network */,
			);
			path = Core;
			sourceTree = "<group>";
		};
		BCAEF67F277C359A00C3B3EC /* Resources */ = {
			isa = PBXGroup;
			children = (
				BC360FD92791238C00A35459 /* Base.lproj */,
				BCAEF654277C2FFA00C3B3EC /* LaunchScreen.storyboard */,
			);
			path = Resources;
			sourceTree = "<group>";
		};
		BCAEF680277C35EC00C3B3EC /* Environments */ = {
			isa = PBXGroup;
			children = (
				BCAEF657277C2FFA00C3B3EC /* Info.plist */,
			);
			path = Environments;
			sourceTree = "<group>";
		};
		BCAEF681278EABC100C3B3EC /* Network */ = {
			isa = PBXGroup;
			children = (
				BCAEF682278EAC3600C3B3EC /* AbstractErrorParser.swift */,
				BCAEF684278EACD200C3B3EC /* ErrorParser.swift */,
				BCAEF686278EAEF100C3B3EC /* DataRequest.swift */,
				BC378375278EC17E00C916C2 /* RequestRouter.swift */,
			);
			path = Network;
			sourceTree = "<group>";
		};
		C54C76F946475147E017B682 /* Frameworks */ = {
			isa = PBXGroup;
			children = (
				9763F662B06F5CB33FBAEC9F /* Pods_GBShop.framework */,
				36154A40D2CD0A9BC446FB3C /* Pods_GBShop_GBShopUITests.framework */,
				A89DF19AC3535D75138EDF07 /* Pods_GBShopTests.framework */,
			);
			name = Frameworks;
			sourceTree = "<group>";
		};
/* End PBXGroup section */

/* Begin PBXNativeTarget section */
		BCAEF645277C2FFA00C3B3EC /* GBShop */ = {
			isa = PBXNativeTarget;
			buildConfigurationList = BCAEF670277C2FFA00C3B3EC /* Build configuration list for PBXNativeTarget "GBShop" */;
			buildPhases = (
				FC3E5AF324F1788BB326E3BD /* [CP] Check Pods Manifest.lock */,
				BCAEF642277C2FFA00C3B3EC /* Sources */,
				BCAEF643277C2FFA00C3B3EC /* Frameworks */,
				BCAEF644277C2FFA00C3B3EC /* Resources */,
				1115356E715DBC0975361EC6 /* [CP] Embed Pods Frameworks */,
			);
			buildRules = (
			);
			dependencies = (
			);
			name = GBShop;
			productName = GBShop;
			productReference = BCAEF646277C2FFA00C3B3EC /* GBShop.app */;
			productType = "com.apple.product-type.application";
		};
		BCAEF65B277C2FFA00C3B3EC /* GBShopTests */ = {
			isa = PBXNativeTarget;
			buildConfigurationList = BCAEF673277C2FFA00C3B3EC /* Build configuration list for PBXNativeTarget "GBShopTests" */;
			buildPhases = (
				D3E40A9293268F7C4F0D7470 /* [CP] Check Pods Manifest.lock */,
				BCAEF658277C2FFA00C3B3EC /* Sources */,
				BCAEF659277C2FFA00C3B3EC /* Frameworks */,
				BCAEF65A277C2FFA00C3B3EC /* Resources */,
			);
			buildRules = (
			);
			dependencies = (
				BCAEF65E277C2FFA00C3B3EC /* PBXTargetDependency */,
			);
			name = GBShopTests;
			productName = GBShopTests;
			productReference = BCAEF65C277C2FFA00C3B3EC /* GBShopTests.xctest */;
			productType = "com.apple.product-type.bundle.unit-test";
		};
		BCAEF665277C2FFA00C3B3EC /* GBShopUITests */ = {
			isa = PBXNativeTarget;
			buildConfigurationList = BCAEF676277C2FFA00C3B3EC /* Build configuration list for PBXNativeTarget "GBShopUITests" */;
			buildPhases = (
				53E757CC7844CB5E50093429 /* [CP] Check Pods Manifest.lock */,
				BCAEF662277C2FFA00C3B3EC /* Sources */,
				BCAEF663277C2FFA00C3B3EC /* Frameworks */,
				BCAEF664277C2FFA00C3B3EC /* Resources */,
				2D7E623963E01EFD39003F80 /* [CP] Embed Pods Frameworks */,
			);
			buildRules = (
			);
			dependencies = (
				BCAEF668277C2FFA00C3B3EC /* PBXTargetDependency */,
			);
			name = GBShopUITests;
			productName = GBShopUITests;
			productReference = BCAEF666277C2FFA00C3B3EC /* GBShopUITests.xctest */;
			productType = "com.apple.product-type.bundle.ui-testing";
		};
/* End PBXNativeTarget section */

/* Begin PBXProject section */
		BCAEF63E277C2FFA00C3B3EC /* Project object */ = {
			isa = PBXProject;
			attributes = {
				BuildIndependentTargetsInParallel = 1;
				LastSwiftUpdateCheck = 1310;
				LastUpgradeCheck = 1310;
				TargetAttributes = {
					BCAEF645277C2FFA00C3B3EC = {
						CreatedOnToolsVersion = 13.1;
					};
					BCAEF65B277C2FFA00C3B3EC = {
						CreatedOnToolsVersion = 13.1;
						TestTargetID = BCAEF645277C2FFA00C3B3EC;
					};
					BCAEF665277C2FFA00C3B3EC = {
						CreatedOnToolsVersion = 13.1;
						TestTargetID = BCAEF645277C2FFA00C3B3EC;
					};
				};
			};
			buildConfigurationList = BCAEF641277C2FFA00C3B3EC /* Build configuration list for PBXProject "GBShop" */;
			compatibilityVersion = "Xcode 13.0";
			developmentRegion = en;
			hasScannedForEncodings = 0;
			knownRegions = (
				en,
				Base,
			);
			mainGroup = BCAEF63D277C2FFA00C3B3EC;
			productRefGroup = BCAEF647277C2FFA00C3B3EC /* Products */;
			projectDirPath = "";
			projectRoot = "";
			targets = (
				BCAEF645277C2FFA00C3B3EC /* GBShop */,
				BCAEF65B277C2FFA00C3B3EC /* GBShopTests */,
				BCAEF665277C2FFA00C3B3EC /* GBShopUITests */,
			);
		};
/* End PBXProject section */

/* Begin PBXResourcesBuildPhase section */
		BCAEF644277C2FFA00C3B3EC /* Resources */ = {
			isa = PBXResourcesBuildPhase;
			buildActionMask = 2147483647;
			files = (
				BC360FDA2791238C00A35459 /* Base.lproj in Resources */,
				BCAEF656277C2FFA00C3B3EC /* LaunchScreen.storyboard in Resources */,
			);
			runOnlyForDeploymentPostprocessing = 0;
		};
		BCAEF65A277C2FFA00C3B3EC /* Resources */ = {
			isa = PBXResourcesBuildPhase;
			buildActionMask = 2147483647;
			files = (
			);
			runOnlyForDeploymentPostprocessing = 0;
		};
		BCAEF664277C2FFA00C3B3EC /* Resources */ = {
			isa = PBXResourcesBuildPhase;
			buildActionMask = 2147483647;
			files = (
			);
			runOnlyForDeploymentPostprocessing = 0;
		};
/* End PBXResourcesBuildPhase section */

/* Begin PBXShellScriptBuildPhase section */
		1115356E715DBC0975361EC6 /* [CP] Embed Pods Frameworks */ = {
			isa = PBXShellScriptBuildPhase;
			buildActionMask = 2147483647;
			files = (
			);
			inputFileListPaths = (
				"${PODS_ROOT}/Target Support Files/Pods-GBShop/Pods-GBShop-frameworks-${CONFIGURATION}-input-files.xcfilelist",
			);
			name = "[CP] Embed Pods Frameworks";
			outputFileListPaths = (
				"${PODS_ROOT}/Target Support Files/Pods-GBShop/Pods-GBShop-frameworks-${CONFIGURATION}-output-files.xcfilelist",
			);
			runOnlyForDeploymentPostprocessing = 0;
			shellPath = /bin/sh;
			shellScript = "\"${PODS_ROOT}/Target Support Files/Pods-GBShop/Pods-GBShop-frameworks.sh\"\n";
			showEnvVarsInLog = 0;
		};
		2D7E623963E01EFD39003F80 /* [CP] Embed Pods Frameworks */ = {
			isa = PBXShellScriptBuildPhase;
			buildActionMask = 2147483647;
			files = (
			);
			inputFileListPaths = (
				"${PODS_ROOT}/Target Support Files/Pods-GBShop-GBShopUITests/Pods-GBShop-GBShopUITests-frameworks-${CONFIGURATION}-input-files.xcfilelist",
			);
			name = "[CP] Embed Pods Frameworks";
			outputFileListPaths = (
				"${PODS_ROOT}/Target Support Files/Pods-GBShop-GBShopUITests/Pods-GBShop-GBShopUITests-frameworks-${CONFIGURATION}-output-files.xcfilelist",
			);
			runOnlyForDeploymentPostprocessing = 0;
			shellPath = /bin/sh;
			shellScript = "\"${PODS_ROOT}/Target Support Files/Pods-GBShop-GBShopUITests/Pods-GBShop-GBShopUITests-frameworks.sh\"\n";
			showEnvVarsInLog = 0;
		};
		53E757CC7844CB5E50093429 /* [CP] Check Pods Manifest.lock */ = {
			isa = PBXShellScriptBuildPhase;
			buildActionMask = 2147483647;
			files = (
			);
			inputFileListPaths = (
			);
			inputPaths = (
				"${PODS_PODFILE_DIR_PATH}/Podfile.lock",
				"${PODS_ROOT}/Manifest.lock",
			);
			name = "[CP] Check Pods Manifest.lock";
			outputFileListPaths = (
			);
			outputPaths = (
				"$(DERIVED_FILE_DIR)/Pods-GBShop-GBShopUITests-checkManifestLockResult.txt",
			);
			runOnlyForDeploymentPostprocessing = 0;
			shellPath = /bin/sh;
			shellScript = "diff \"${PODS_PODFILE_DIR_PATH}/Podfile.lock\" \"${PODS_ROOT}/Manifest.lock\" > /dev/null\nif [ $? != 0 ] ; then\n    # print error to STDERR\n    echo \"error: The sandbox is not in sync with the Podfile.lock. Run 'pod install' or update your CocoaPods installation.\" >&2\n    exit 1\nfi\n# This output is used by Xcode 'outputs' to avoid re-running this script phase.\necho \"SUCCESS\" > \"${SCRIPT_OUTPUT_FILE_0}\"\n";
			showEnvVarsInLog = 0;
		};
		D3E40A9293268F7C4F0D7470 /* [CP] Check Pods Manifest.lock */ = {
			isa = PBXShellScriptBuildPhase;
			buildActionMask = 2147483647;
			files = (
			);
			inputFileListPaths = (
			);
			inputPaths = (
				"${PODS_PODFILE_DIR_PATH}/Podfile.lock",
				"${PODS_ROOT}/Manifest.lock",
			);
			name = "[CP] Check Pods Manifest.lock";
			outputFileListPaths = (
			);
			outputPaths = (
				"$(DERIVED_FILE_DIR)/Pods-GBShopTests-checkManifestLockResult.txt",
			);
			runOnlyForDeploymentPostprocessing = 0;
			shellPath = /bin/sh;
			shellScript = "diff \"${PODS_PODFILE_DIR_PATH}/Podfile.lock\" \"${PODS_ROOT}/Manifest.lock\" > /dev/null\nif [ $? != 0 ] ; then\n    # print error to STDERR\n    echo \"error: The sandbox is not in sync with the Podfile.lock. Run 'pod install' or update your CocoaPods installation.\" >&2\n    exit 1\nfi\n# This output is used by Xcode 'outputs' to avoid re-running this script phase.\necho \"SUCCESS\" > \"${SCRIPT_OUTPUT_FILE_0}\"\n";
			showEnvVarsInLog = 0;
		};
		FC3E5AF324F1788BB326E3BD /* [CP] Check Pods Manifest.lock */ = {
			isa = PBXShellScriptBuildPhase;
			buildActionMask = 2147483647;
			files = (
			);
			inputFileListPaths = (
			);
			inputPaths = (
				"${PODS_PODFILE_DIR_PATH}/Podfile.lock",
				"${PODS_ROOT}/Manifest.lock",
			);
			name = "[CP] Check Pods Manifest.lock";
			outputFileListPaths = (
			);
			outputPaths = (
				"$(DERIVED_FILE_DIR)/Pods-GBShop-checkManifestLockResult.txt",
			);
			runOnlyForDeploymentPostprocessing = 0;
			shellPath = /bin/sh;
			shellScript = "diff \"${PODS_PODFILE_DIR_PATH}/Podfile.lock\" \"${PODS_ROOT}/Manifest.lock\" > /dev/null\nif [ $? != 0 ] ; then\n    # print error to STDERR\n    echo \"error: The sandbox is not in sync with the Podfile.lock. Run 'pod install' or update your CocoaPods installation.\" >&2\n    exit 1\nfi\n# This output is used by Xcode 'outputs' to avoid re-running this script phase.\necho \"SUCCESS\" > \"${SCRIPT_OUTPUT_FILE_0}\"\n";
			showEnvVarsInLog = 0;
		};
/* End PBXShellScriptBuildPhase section */

/* Begin PBXSourcesBuildPhase section */
		BCAEF642277C2FFA00C3B3EC /* Sources */ = {
			isa = PBXSourcesBuildPhase;
			buildActionMask = 2147483647;
			files = (
				BC2025C0278ECCA700A8D481 /* RequestFactory.swift in Sources */,
				BCAEF683278EAC3600C3B3EC /* AbstractErrorParser.swift in Sources */,
				BC2025B7278EC7C000A8D481 /* LoginResult.swift in Sources */,
				BCAEF687278EAEF100C3B3EC /* DataRequest.swift in Sources */,
				BC378376278EC17E00C916C2 /* RequestRouter.swift in Sources */,
				BC2025B9278EC7D000A8D481 /* User.swift in Sources */,
				BC2025BE278EC96000A8D481 /* Auth.swift in Sources */,
				BC2025BC278EC8D700A8D481 /* AuthRequestFactory.swift in Sources */,
				BCAEF64A277C2FFA00C3B3EC /* AppDelegate.swift in Sources */,
				BCAEF64C277C2FFA00C3B3EC /* SceneDelegate.swift in Sources */,
				BCAEF685278EACD200C3B3EC /* ErrorParser.swift in Sources */,
			);
			runOnlyForDeploymentPostprocessing = 0;
		};
		BCAEF658277C2FFA00C3B3EC /* Sources */ = {
			isa = PBXSourcesBuildPhase;
			buildActionMask = 2147483647;
			files = (
				BCAEF661277C2FFA00C3B3EC /* GBShopTests.swift in Sources */,
			);
			runOnlyForDeploymentPostprocessing = 0;
		};
		BCAEF662277C2FFA00C3B3EC /* Sources */ = {
			isa = PBXSourcesBuildPhase;
			buildActionMask = 2147483647;
			files = (
				BCAEF66B277C2FFA00C3B3EC /* GBShopUITests.swift in Sources */,
				BCAEF66D277C2FFA00C3B3EC /* GBShopUITestsLaunchTests.swift in Sources */,
			);
			runOnlyForDeploymentPostprocessing = 0;
		};
/* End PBXSourcesBuildPhase section */

/* Begin PBXTargetDependency section */
		BCAEF65E277C2FFA00C3B3EC /* PBXTargetDependency */ = {
			isa = PBXTargetDependency;
			target = BCAEF645277C2FFA00C3B3EC /* GBShop */;
			targetProxy = BCAEF65D277C2FFA00C3B3EC /* PBXContainerItemProxy */;
		};
		BCAEF668277C2FFA00C3B3EC /* PBXTargetDependency */ = {
			isa = PBXTargetDependency;
			target = BCAEF645277C2FFA00C3B3EC /* GBShop */;
			targetProxy = BCAEF667277C2FFA00C3B3EC /* PBXContainerItemProxy */;
		};
/* End PBXTargetDependency section */

/* Begin PBXVariantGroup section */
		BCAEF654277C2FFA00C3B3EC /* LaunchScreen.storyboard */ = {
			isa = PBXVariantGroup;
			children = (
				BCAEF655277C2FFA00C3B3EC /* Base */,
			);
			name = LaunchScreen.storyboard;
			sourceTree = "<group>";
		};
/* End PBXVariantGroup section */

/* Begin XCBuildConfiguration section */
		BCAEF66E277C2FFA00C3B3EC /* Debug */ = {
			isa = XCBuildConfiguration;
			buildSettings = {
				ALWAYS_SEARCH_USER_PATHS = NO;
				CLANG_ANALYZER_NONNULL = YES;
				CLANG_ANALYZER_NUMBER_OBJECT_CONVERSION = YES_AGGRESSIVE;
				CLANG_CXX_LANGUAGE_STANDARD = "gnu++17";
				CLANG_CXX_LIBRARY = "libc++";
				CLANG_ENABLE_MODULES = YES;
				CLANG_ENABLE_OBJC_ARC = YES;
				CLANG_ENABLE_OBJC_WEAK = YES;
				CLANG_WARN_BLOCK_CAPTURE_AUTORELEASING = YES;
				CLANG_WARN_BOOL_CONVERSION = YES;
				CLANG_WARN_COMMA = YES;
				CLANG_WARN_CONSTANT_CONVERSION = YES;
				CLANG_WARN_DEPRECATED_OBJC_IMPLEMENTATIONS = YES;
				CLANG_WARN_DIRECT_OBJC_ISA_USAGE = YES_ERROR;
				CLANG_WARN_DOCUMENTATION_COMMENTS = YES;
				CLANG_WARN_EMPTY_BODY = YES;
				CLANG_WARN_ENUM_CONVERSION = YES;
				CLANG_WARN_INFINITE_RECURSION = YES;
				CLANG_WARN_INT_CONVERSION = YES;
				CLANG_WARN_NON_LITERAL_NULL_CONVERSION = YES;
				CLANG_WARN_OBJC_IMPLICIT_RETAIN_SELF = YES;
				CLANG_WARN_OBJC_LITERAL_CONVERSION = YES;
				CLANG_WARN_OBJC_ROOT_CLASS = YES_ERROR;
				CLANG_WARN_QUOTED_INCLUDE_IN_FRAMEWORK_HEADER = YES;
				CLANG_WARN_RANGE_LOOP_ANALYSIS = YES;
				CLANG_WARN_STRICT_PROTOTYPES = YES;
				CLANG_WARN_SUSPICIOUS_MOVE = YES;
				CLANG_WARN_UNGUARDED_AVAILABILITY = YES_AGGRESSIVE;
				CLANG_WARN_UNREACHABLE_CODE = YES;
				CLANG_WARN__DUPLICATE_METHOD_MATCH = YES;
				COPY_PHASE_STRIP = NO;
				DEBUG_INFORMATION_FORMAT = dwarf;
				ENABLE_STRICT_OBJC_MSGSEND = YES;
				ENABLE_TESTABILITY = YES;
				GCC_C_LANGUAGE_STANDARD = gnu11;
				GCC_DYNAMIC_NO_PIC = NO;
				GCC_NO_COMMON_BLOCKS = YES;
				GCC_OPTIMIZATION_LEVEL = 0;
				GCC_PREPROCESSOR_DEFINITIONS = (
					"DEBUG=1",
					"$(inherited)",
				);
				GCC_WARN_64_TO_32_BIT_CONVERSION = YES;
				GCC_WARN_ABOUT_RETURN_TYPE = YES_ERROR;
				GCC_WARN_UNDECLARED_SELECTOR = YES;
				GCC_WARN_UNINITIALIZED_AUTOS = YES_AGGRESSIVE;
				GCC_WARN_UNUSED_FUNCTION = YES;
				GCC_WARN_UNUSED_VARIABLE = YES;
				IPHONEOS_DEPLOYMENT_TARGET = 15.0;
				MTL_ENABLE_DEBUG_INFO = INCLUDE_SOURCE;
				MTL_FAST_MATH = YES;
				ONLY_ACTIVE_ARCH = YES;
				SDKROOT = iphoneos;
				SWIFT_ACTIVE_COMPILATION_CONDITIONS = DEBUG;
				SWIFT_OPTIMIZATION_LEVEL = "-Onone";
			};
			name = Debug;
		};
		BCAEF66F277C2FFA00C3B3EC /* Release */ = {
			isa = XCBuildConfiguration;
			buildSettings = {
				ALWAYS_SEARCH_USER_PATHS = NO;
				CLANG_ANALYZER_NONNULL = YES;
				CLANG_ANALYZER_NUMBER_OBJECT_CONVERSION = YES_AGGRESSIVE;
				CLANG_CXX_LANGUAGE_STANDARD = "gnu++17";
				CLANG_CXX_LIBRARY = "libc++";
				CLANG_ENABLE_MODULES = YES;
				CLANG_ENABLE_OBJC_ARC = YES;
				CLANG_ENABLE_OBJC_WEAK = YES;
				CLANG_WARN_BLOCK_CAPTURE_AUTORELEASING = YES;
				CLANG_WARN_BOOL_CONVERSION = YES;
				CLANG_WARN_COMMA = YES;
				CLANG_WARN_CONSTANT_CONVERSION = YES;
				CLANG_WARN_DEPRECATED_OBJC_IMPLEMENTATIONS = YES;
				CLANG_WARN_DIRECT_OBJC_ISA_USAGE = YES_ERROR;
				CLANG_WARN_DOCUMENTATION_COMMENTS = YES;
				CLANG_WARN_EMPTY_BODY = YES;
				CLANG_WARN_ENUM_CONVERSION = YES;
				CLANG_WARN_INFINITE_RECURSION = YES;
				CLANG_WARN_INT_CONVERSION = YES;
				CLANG_WARN_NON_LITERAL_NULL_CONVERSION = YES;
				CLANG_WARN_OBJC_IMPLICIT_RETAIN_SELF = YES;
				CLANG_WARN_OBJC_LITERAL_CONVERSION = YES;
				CLANG_WARN_OBJC_ROOT_CLASS = YES_ERROR;
				CLANG_WARN_QUOTED_INCLUDE_IN_FRAMEWORK_HEADER = YES;
				CLANG_WARN_RANGE_LOOP_ANALYSIS = YES;
				CLANG_WARN_STRICT_PROTOTYPES = YES;
				CLANG_WARN_SUSPICIOUS_MOVE = YES;
				CLANG_WARN_UNGUARDED_AVAILABILITY = YES_AGGRESSIVE;
				CLANG_WARN_UNREACHABLE_CODE = YES;
				CLANG_WARN__DUPLICATE_METHOD_MATCH = YES;
				COPY_PHASE_STRIP = NO;
				DEBUG_INFORMATION_FORMAT = "dwarf-with-dsym";
				ENABLE_NS_ASSERTIONS = NO;
				ENABLE_STRICT_OBJC_MSGSEND = YES;
				GCC_C_LANGUAGE_STANDARD = gnu11;
				GCC_NO_COMMON_BLOCKS = YES;
				GCC_WARN_64_TO_32_BIT_CONVERSION = YES;
				GCC_WARN_ABOUT_RETURN_TYPE = YES_ERROR;
				GCC_WARN_UNDECLARED_SELECTOR = YES;
				GCC_WARN_UNINITIALIZED_AUTOS = YES_AGGRESSIVE;
				GCC_WARN_UNUSED_FUNCTION = YES;
				GCC_WARN_UNUSED_VARIABLE = YES;
				IPHONEOS_DEPLOYMENT_TARGET = 15.0;
				MTL_ENABLE_DEBUG_INFO = NO;
				MTL_FAST_MATH = YES;
				SDKROOT = iphoneos;
				SWIFT_COMPILATION_MODE = wholemodule;
				SWIFT_OPTIMIZATION_LEVEL = "-O";
				VALIDATE_PRODUCT = YES;
			};
			name = Release;
		};
		BCAEF671277C2FFA00C3B3EC /* Debug */ = {
			isa = XCBuildConfiguration;
			baseConfigurationReference = E62178BA88DE74FBAEE24BD0 /* Pods-GBShop.debug.xcconfig */;
			buildSettings = {
				ASSETCATALOG_COMPILER_APPICON_NAME = AppIcon;
				ASSETCATALOG_COMPILER_GLOBAL_ACCENT_COLOR_NAME = AccentColor;
				CODE_SIGN_STYLE = Automatic;
				CURRENT_PROJECT_VERSION = 1;
				DEVELOPMENT_TEAM = 6577GL836W;
				GENERATE_INFOPLIST_FILE = YES;
				INFOPLIST_FILE = GBShop/Info.plist;
				INFOPLIST_KEY_UIApplicationSupportsIndirectInputEvents = YES;
				INFOPLIST_KEY_UILaunchStoryboardName = LaunchScreen;
				INFOPLIST_KEY_UIMainStoryboardFile = "";
				INFOPLIST_KEY_UISupportedInterfaceOrientations_iPad = "UIInterfaceOrientationPortrait UIInterfaceOrientationPortraitUpsideDown UIInterfaceOrientationLandscapeLeft UIInterfaceOrientationLandscapeRight";
				INFOPLIST_KEY_UISupportedInterfaceOrientations_iPhone = "UIInterfaceOrientationPortrait UIInterfaceOrientationLandscapeLeft UIInterfaceOrientationLandscapeRight";
				IPHONEOS_DEPLOYMENT_TARGET = 14.0;
				LD_RUNPATH_SEARCH_PATHS = (
					"$(inherited)",
					"@executable_path/Frameworks",
				);
				MARKETING_VERSION = 1.0;
				PRODUCT_BUNDLE_IDENTIFIER = myOrganization.GBShop;
				PRODUCT_NAME = "$(TARGET_NAME)";
				SWIFT_EMIT_LOC_STRINGS = YES;
				SWIFT_VERSION = 5.0;
				TARGETED_DEVICE_FAMILY = "1,2";
			};
			name = Debug;
		};
		BCAEF672277C2FFA00C3B3EC /* Release */ = {
			isa = XCBuildConfiguration;
			baseConfigurationReference = F6C2CB3DDF71377FF2C0FFFF /* Pods-GBShop.release.xcconfig */;
			buildSettings = {
				ASSETCATALOG_COMPILER_APPICON_NAME = AppIcon;
				ASSETCATALOG_COMPILER_GLOBAL_ACCENT_COLOR_NAME = AccentColor;
				CODE_SIGN_STYLE = Automatic;
				CURRENT_PROJECT_VERSION = 1;
				DEVELOPMENT_TEAM = 6577GL836W;
				GENERATE_INFOPLIST_FILE = YES;
				INFOPLIST_FILE = GBShop/Info.plist;
				INFOPLIST_KEY_UIApplicationSupportsIndirectInputEvents = YES;
				INFOPLIST_KEY_UILaunchStoryboardName = LaunchScreen;
				INFOPLIST_KEY_UIMainStoryboardFile = "";
				INFOPLIST_KEY_UISupportedInterfaceOrientations_iPad = "UIInterfaceOrientationPortrait UIInterfaceOrientationPortraitUpsideDown UIInterfaceOrientationLandscapeLeft UIInterfaceOrientationLandscapeRight";
				INFOPLIST_KEY_UISupportedInterfaceOrientations_iPhone = "UIInterfaceOrientationPortrait UIInterfaceOrientationLandscapeLeft UIInterfaceOrientationLandscapeRight";
				IPHONEOS_DEPLOYMENT_TARGET = 14.0;
				LD_RUNPATH_SEARCH_PATHS = (
					"$(inherited)",
					"@executable_path/Frameworks",
				);
				MARKETING_VERSION = 1.0;
				PRODUCT_BUNDLE_IDENTIFIER = myOrganization.GBShop;
				PRODUCT_NAME = "$(TARGET_NAME)";
				SWIFT_EMIT_LOC_STRINGS = YES;
				SWIFT_VERSION = 5.0;
				TARGETED_DEVICE_FAMILY = "1,2";
			};
			name = Release;
		};
		BCAEF674277C2FFA00C3B3EC /* Debug */ = {
			isa = XCBuildConfiguration;
			baseConfigurationReference = CA43A50FE7BC5AD061DB3F36 /* Pods-GBShopTests.debug.xcconfig */;
			buildSettings = {
				ALWAYS_EMBED_SWIFT_STANDARD_LIBRARIES = YES;
				BUNDLE_LOADER = "$(TEST_HOST)";
				CODE_SIGN_STYLE = Automatic;
				CURRENT_PROJECT_VERSION = 1;
				DEVELOPMENT_TEAM = 6577GL836W;
				GENERATE_INFOPLIST_FILE = YES;
				IPHONEOS_DEPLOYMENT_TARGET = 15.0;
				LD_RUNPATH_SEARCH_PATHS = (
					"$(inherited)",
					"@executable_path/Frameworks",
					"@loader_path/Frameworks",
				);
				MARKETING_VERSION = 1.0;
				PRODUCT_BUNDLE_IDENTIFIER = myOrganization.GBShopTests;
				PRODUCT_NAME = "$(TARGET_NAME)";
				SWIFT_EMIT_LOC_STRINGS = NO;
				SWIFT_VERSION = 5.0;
				TARGETED_DEVICE_FAMILY = "1,2";
				TEST_HOST = "$(BUILT_PRODUCTS_DIR)/GBShop.app/GBShop";
			};
			name = Debug;
		};
		BCAEF675277C2FFA00C3B3EC /* Release */ = {
			isa = XCBuildConfiguration;
			baseConfigurationReference = ACF7B26FC60FCB24539935E2 /* Pods-GBShopTests.release.xcconfig */;
			buildSettings = {
				ALWAYS_EMBED_SWIFT_STANDARD_LIBRARIES = YES;
				BUNDLE_LOADER = "$(TEST_HOST)";
				CODE_SIGN_STYLE = Automatic;
				CURRENT_PROJECT_VERSION = 1;
				DEVELOPMENT_TEAM = 6577GL836W;
				GENERATE_INFOPLIST_FILE = YES;
				IPHONEOS_DEPLOYMENT_TARGET = 15.0;
				LD_RUNPATH_SEARCH_PATHS = (
					"$(inherited)",
					"@executable_path/Frameworks",
					"@loader_path/Frameworks",
				);
				MARKETING_VERSION = 1.0;
				PRODUCT_BUNDLE_IDENTIFIER = myOrganization.GBShopTests;
				PRODUCT_NAME = "$(TARGET_NAME)";
				SWIFT_EMIT_LOC_STRINGS = NO;
				SWIFT_VERSION = 5.0;
				TARGETED_DEVICE_FAMILY = "1,2";
				TEST_HOST = "$(BUILT_PRODUCTS_DIR)/GBShop.app/GBShop";
			};
			name = Release;
		};
		BCAEF677277C2FFA00C3B3EC /* Debug */ = {
			isa = XCBuildConfiguration;
			baseConfigurationReference = 1BFF4B7FA85382436D8E2F21 /* Pods-GBShop-GBShopUITests.debug.xcconfig */;
			buildSettings = {
				ALWAYS_EMBED_SWIFT_STANDARD_LIBRARIES = YES;
				CODE_SIGN_STYLE = Automatic;
				CURRENT_PROJECT_VERSION = 1;
				DEVELOPMENT_TEAM = 6577GL836W;
				GENERATE_INFOPLIST_FILE = YES;
				LD_RUNPATH_SEARCH_PATHS = (
					"$(inherited)",
					"@executable_path/Frameworks",
					"@loader_path/Frameworks",
				);
				MARKETING_VERSION = 1.0;
				PRODUCT_BUNDLE_IDENTIFIER = myOrganization.GBShopUITests;
				PRODUCT_NAME = "$(TARGET_NAME)";
				SWIFT_EMIT_LOC_STRINGS = NO;
				SWIFT_VERSION = 5.0;
				TARGETED_DEVICE_FAMILY = "1,2";
				TEST_TARGET_NAME = GBShop;
			};
			name = Debug;
		};
		BCAEF678277C2FFA00C3B3EC /* Release */ = {
			isa = XCBuildConfiguration;
			baseConfigurationReference = D940F3F2CFEE6F0FC3136FCB /* Pods-GBShop-GBShopUITests.release.xcconfig */;
			buildSettings = {
				ALWAYS_EMBED_SWIFT_STANDARD_LIBRARIES = YES;
				CODE_SIGN_STYLE = Automatic;
				CURRENT_PROJECT_VERSION = 1;
				DEVELOPMENT_TEAM = 6577GL836W;
				GENERATE_INFOPLIST_FILE = YES;
				LD_RUNPATH_SEARCH_PATHS = (
					"$(inherited)",
					"@executable_path/Frameworks",
					"@loader_path/Frameworks",
				);
				MARKETING_VERSION = 1.0;
				PRODUCT_BUNDLE_IDENTIFIER = myOrganization.GBShopUITests;
				PRODUCT_NAME = "$(TARGET_NAME)";
				SWIFT_EMIT_LOC_STRINGS = NO;
				SWIFT_VERSION = 5.0;
				TARGETED_DEVICE_FAMILY = "1,2";
				TEST_TARGET_NAME = GBShop;
			};
			name = Release;
		};
/* End XCBuildConfiguration section */

/* Begin XCConfigurationList section */
		BCAEF641277C2FFA00C3B3EC /* Build configuration list for PBXProject "GBShop" */ = {
			isa = XCConfigurationList;
			buildConfigurations = (
				BCAEF66E277C2FFA00C3B3EC /* Debug */,
				BCAEF66F277C2FFA00C3B3EC /* Release */,
			);
			defaultConfigurationIsVisible = 0;
			defaultConfigurationName = Release;
		};
		BCAEF670277C2FFA00C3B3EC /* Build configuration list for PBXNativeTarget "GBShop" */ = {
			isa = XCConfigurationList;
			buildConfigurations = (
				BCAEF671277C2FFA00C3B3EC /* Debug */,
				BCAEF672277C2FFA00C3B3EC /* Release */,
			);
			defaultConfigurationIsVisible = 0;
			defaultConfigurationName = Release;
		};
		BCAEF673277C2FFA00C3B3EC /* Build configuration list for PBXNativeTarget "GBShopTests" */ = {
			isa = XCConfigurationList;
			buildConfigurations = (
				BCAEF674277C2FFA00C3B3EC /* Debug */,
				BCAEF675277C2FFA00C3B3EC /* Release */,
			);
			defaultConfigurationIsVisible = 0;
			defaultConfigurationName = Release;
		};
		BCAEF676277C2FFA00C3B3EC /* Build configuration list for PBXNativeTarget "GBShopUITests" */ = {
			isa = XCConfigurationList;
			buildConfigurations = (
				BCAEF677277C2FFA00C3B3EC /* Debug */,
				BCAEF678277C2FFA00C3B3EC /* Release */,
			);
			defaultConfigurationIsVisible = 0;
			defaultConfigurationName = Release;
		};
/* End XCConfigurationList section */
	};
	rootObject = BCAEF63E277C2FFA00C3B3EC /* Project object */;
}
