// !$*UTF8*$!
{
	archiveVersion = 1;
	classes = {
	};
	objectVersion = 55;
	objects = {

/* Begin PBXBuildFile section */
		BCAEF64A277C2FFA00C3B3EC /* AppDelegate.swift in Sources */ = {isa = PBXBuildFile; fileRef = BCAEF649277C2FFA00C3B3EC /* AppDelegate.swift */; };
		BCAEF64C277C2FFA00C3B3EC /* SceneDelegate.swift in Sources */ = {isa = PBXBuildFile; fileRef = BCAEF64B277C2FFA00C3B3EC /* SceneDelegate.swift */; };
		BCAEF64E277C2FFA00C3B3EC /* ViewController.swift in Sources */ = {isa = PBXBuildFile; fileRef = BCAEF64D277C2FFA00C3B3EC /* ViewController.swift */; };
		BCAEF651277C2FFA00C3B3EC /* Main.storyboard in Resources */ = {isa = PBXBuildFile; fileRef = BCAEF64F277C2FFA00C3B3EC /* Main.storyboard */; };
		BCAEF653277C2FFA00C3B3EC /* Assets.xcassets in Resources */ = {isa = PBXBuildFile; fileRef = BCAEF652277C2FFA00C3B3EC /* Assets.xcassets */; };
		BCAEF656277C2FFA00C3B3EC /* LaunchScreen.storyboard in Resources */ = {isa = PBXBuildFile; fileRef = BCAEF654277C2FFA00C3B3EC /* LaunchScreen.storyboard */; };
		BCAEF661277C2FFA00C3B3EC /* GBShopTests.swift in Sources */ = {isa = PBXBuildFile; fileRef = BCAEF660277C2FFA00C3B3EC /* GBShopTests.swift */; };
		BCAEF66B277C2FFA00C3B3EC /* GBShopUITests.swift in Sources */ = {isa = PBXBuildFile; fileRef = BCAEF66A277C2FFA00C3B3EC /* GBShopUITests.swift */; };
		BCAEF66D277C2FFA00C3B3EC /* GBShopUITestsLaunchTests.swift in Sources */ = {isa = PBXBuildFile; fileRef = BCAEF66C277C2FFA00C3B3EC /* GBShopUITestsLaunchTests.swift */; };
/* End PBXBuildFile section */

/* Begin PBXContainerItemProxy section */
		BCAEF65D277C2FFA00C3B3EC /* PBXContainerItemProxy */ = {
			isa = PBXContainerItemProxy;
			containerPortal = BCAEF63E277C2FFA00C3B3EC /* Project object */;
			proxyType = 1;
			remoteGlobalIDString = BCAEF645277C2FFA00C3B3EC;
			remoteInfo = GBShop;
		};
		BCAEF667277C2FFA00C3B3EC /* PBXContainerItemProxy */ = {
			isa = PBXContainerItemProxy;
			containerPortal = BCAEF63E277C2FFA00C3B3EC /* Project object */;
			proxyType = 1;
			remoteGlobalIDString = BCAEF645277C2FFA00C3B3EC;
			remoteInfo = GBShop;
		};
/* End PBXContainerItemProxy section */

/* Begin PBXFileReference section */
		BCAEF646277C2FFA00C3B3EC /* GBShop.app */ = {isa = PBXFileReference; explicitFileType = wrapper.application; includeInIndex = 0; path = GBShop.app; sourceTree = BUILT_PRODUCTS_DIR; };
		BCAEF649277C2FFA00C3B3EC /* AppDelegate.swift */ = {isa = PBXFileReference; lastKnownFileType = sourcecode.swift; path = AppDelegate.swift; sourceTree = "<group>"; };
		BCAEF64B277C2FFA00C3B3EC /* SceneDelegate.swift */ = {isa = PBXFileReference; lastKnownFileType = sourcecode.swift; path = SceneDelegate.swift; sourceTree = "<group>"; };
		BCAEF64D277C2FFA00C3B3EC /* ViewController.swift */ = {isa = PBXFileReference; lastKnownFileType = sourcecode.swift; path = ViewController.swift; sourceTree = "<group>"; };
		BCAEF650277C2FFA00C3B3EC /* Base */ = {isa = PBXFileReference; lastKnownFileType = file.storyboard; name = Base; path = Base.lproj/Main.storyboard; sourceTree = "<group>"; };
		BCAEF652277C2FFA00C3B3EC /* Assets.xcassets */ = {isa = PBXFileReference; lastKnownFileType = folder.assetcatalog; path = Assets.xcassets; sourceTree = "<group>"; };
		BCAEF655277C2FFA00C3B3EC /* Base */ = {isa = PBXFileReference; lastKnownFileType = file.storyboard; name = Base; path = Base.lproj/LaunchScreen.storyboard; sourceTree = "<group>"; };
		BCAEF657277C2FFA00C3B3EC /* Info.plist */ = {isa = PBXFileReference; lastKnownFileType = text.plist.xml; path = Info.plist; sourceTree = "<group>"; };
		BCAEF65C277C2FFA00C3B3EC /* GBShopTests.xctest */ = {isa = PBXFileReference; explicitFileType = wrapper.cfbundle; includeInIndex = 0; path = GBShopTests.xctest; sourceTree = BUILT_PRODUCTS_DIR; };
		BCAEF660277C2FFA00C3B3EC /* GBShopTests.swift */ = {isa = PBXFileReference; lastKnownFileType = sourcecode.swift; path = GBShopTests.swift; sourceTree = "<group>"; };
		BCAEF666277C2FFA00C3B3EC /* GBShopUITests.xctest */ = {isa = PBXFileReference; explicitFileType = wrapper.cfbundle; includeInIndex = 0; path = GBShopUITests.xctest; sourceTree = BUILT_PRODUCTS_DIR; };
		BCAEF66A277C2FFA00C3B3EC /* GBShopUITests.swift */ = {isa = PBXFileReference; lastKnownFileType = sourcecode.swift; path = GBShopUITests.swift; sourceTree = "<group>"; };
		BCAEF66C277C2FFA00C3B3EC /* GBShopUITestsLaunchTests.swift */ = {isa = PBXFileReference; lastKnownFileType = sourcecode.swift; path = GBShopUITestsLaunchTests.swift; sourceTree = "<group>"; };
/* End PBXFileReference section */

/* Begin PBXFrameworksBuildPhase section */
		BCAEF643277C2FFA00C3B3EC /* Frameworks */ = {
			isa = PBXFrameworksBuildPhase;
			buildActionMask = 2147483647;
			files = (
			);
			runOnlyForDeploymentPostprocessing = 0;
		};
		BCAEF659277C2FFA00C3B3EC /* Frameworks */ = {
			isa = PBXFrameworksBuildPhase;
			buildActionMask = 2147483647;
			files = (
			);
			runOnlyForDeploymentPostprocessing = 0;
		};
		BCAEF663277C2FFA00C3B3EC /* Frameworks */ = {
			isa = PBXFrameworksBuildPhase;
			buildActionMask = 2147483647;
			files = (
			);
			runOnlyForDeploymentPostprocessing = 0;
		};
/* End PBXFrameworksBuildPhase section */

/* Begin PBXGroup section */
		BCAEF63D277C2FFA00C3B3EC = {
			isa = PBXGroup;
			children = (
				BCAEF648277C2FFA00C3B3EC /* GBShop */,
				BCAEF65F277C2FFA00C3B3EC /* GBShopTests */,
				BCAEF669277C2FFA00C3B3EC /* GBShopUITests */,
				BCAEF647277C2FFA00C3B3EC /* Products */,
			);
			sourceTree = "<group>";
		};
		BCAEF647277C2FFA00C3B3EC /* Products */ = {
			isa = PBXGroup;
			children = (
				BCAEF646277C2FFA00C3B3EC /* GBShop.app */,
				BCAEF65C277C2FFA00C3B3EC /* GBShopTests.xctest */,
				BCAEF666277C2FFA00C3B3EC /* GBShopUITests.xctest */,
			);
			name = Products;
			sourceTree = "<group>";
		};
		BCAEF648277C2FFA00C3B3EC /* GBShop */ = {
			isa = PBXGroup;
			children = (
				BCAEF649277C2FFA00C3B3EC /* AppDelegate.swift */,
				BCAEF64B277C2FFA00C3B3EC /* SceneDelegate.swift */,
				BCAEF64D277C2FFA00C3B3EC /* ViewController.swift */,
				BCAEF64F277C2FFA00C3B3EC /* Main.storyboard */,
				BCAEF652277C2FFA00C3B3EC /* Assets.xcassets */,
				BCAEF654277C2FFA00C3B3EC /* LaunchScreen.storyboard */,
				BCAEF657277C2FFA00C3B3EC /* Info.plist */,
			);
			path = GBShop;
			sourceTree = "<group>";
		};
		BCAEF65F277C2FFA00C3B3EC /* GBShopTests */ = {
			isa = PBXGroup;
			children = (
				BCAEF660277C2FFA00C3B3EC /* GBShopTests.swift */,
			);
			path = GBShopTests;
			sourceTree = "<group>";
		};
		BCAEF669277C2FFA00C3B3EC /* GBShopUITests */ = {
			isa = PBXGroup;
			children = (
				BCAEF66A277C2FFA00C3B3EC /* GBShopUITests.swift */,
				BCAEF66C277C2FFA00C3B3EC /* GBShopUITestsLaunchTests.swift */,
			);
			path = GBShopUITests;
			sourceTree = "<group>";
		};
/* End PBXGroup section */

/* Begin PBXNativeTarget section */
		BCAEF645277C2FFA00C3B3EC /* GBShop */ = {
			isa = PBXNativeTarget;
			buildConfigurationList = BCAEF670277C2FFA00C3B3EC /* Build configuration list for PBXNativeTarget "GBShop" */;
			buildPhases = (
				BCAEF642277C2FFA00C3B3EC /* Sources */,
				BCAEF643277C2FFA00C3B3EC /* Frameworks */,
				BCAEF644277C2FFA00C3B3EC /* Resources */,
			);
			buildRules = (
			);
			dependencies = (
			);
			name = GBShop;
			productName = GBShop;
			productReference = BCAEF646277C2FFA00C3B3EC /* GBShop.app */;
			productType = "com.apple.product-type.application";
		};
		BCAEF65B277C2FFA00C3B3EC /* GBShopTests */ = {
			isa = PBXNativeTarget;
			buildConfigurationList = BCAEF673277C2FFA00C3B3EC /* Build configuration list for PBXNativeTarget "GBShopTests" */;
			buildPhases = (
				BCAEF658277C2FFA00C3B3EC /* Sources */,
				BCAEF659277C2FFA00C3B3EC /* Frameworks */,
				BCAEF65A277C2FFA00C3B3EC /* Resources */,
			);
			buildRules = (
			);
			dependencies = (
				BCAEF65E277C2FFA00C3B3EC /* PBXTargetDependency */,
			);
			name = GBShopTests;
			productName = GBShopTests;
			productReference = BCAEF65C277C2FFA00C3B3EC /* GBShopTests.xctest */;
			productType = "com.apple.product-type.bundle.unit-test";
		};
		BCAEF665277C2FFA00C3B3EC /* GBShopUITests */ = {
			isa = PBXNativeTarget;
			buildConfigurationList = BCAEF676277C2FFA00C3B3EC /* Build configuration list for PBXNativeTarget "GBShopUITests" */;
			buildPhases = (
				BCAEF662277C2FFA00C3B3EC /* Sources */,
				BCAEF663277C2FFA00C3B3EC /* Frameworks */,
				BCAEF664277C2FFA00C3B3EC /* Resources */,
			);
			buildRules = (
			);
			dependencies = (
				BCAEF668277C2FFA00C3B3EC /* PBXTargetDependency */,
			);
			name = GBShopUITests;
			productName = GBShopUITests;
			productReference = BCAEF666277C2FFA00C3B3EC /* GBShopUITests.xctest */;
			productType = "com.apple.product-type.bundle.ui-testing";
		};
/* End PBXNativeTarget section */

/* Begin PBXProject section */
		BCAEF63E277C2FFA00C3B3EC /* Project object */ = {
			isa = PBXProject;
			attributes = {
				BuildIndependentTargetsInParallel = 1;
				LastSwiftUpdateCheck = 1310;
				LastUpgradeCheck = 1310;
				TargetAttributes = {
					BCAEF645277C2FFA00C3B3EC = {
						CreatedOnToolsVersion = 13.1;
					};
					BCAEF65B277C2FFA00C3B3EC = {
						CreatedOnToolsVersion = 13.1;
						TestTargetID = BCAEF645277C2FFA00C3B3EC;
					};
					BCAEF665277C2FFA00C3B3EC = {
						CreatedOnToolsVersion = 13.1;
						TestTargetID = BCAEF645277C2FFA00C3B3EC;
					};
				};
			};
			buildConfigurationList = BCAEF641277C2FFA00C3B3EC /* Build configuration list for PBXProject "GBShop" */;
			compatibilityVersion = "Xcode 13.0";
			developmentRegion = en;
			hasScannedForEncodings = 0;
			knownRegions = (
				en,
				Base,
			);
			mainGroup = BCAEF63D277C2FFA00C3B3EC;
			productRefGroup = BCAEF647277C2FFA00C3B3EC /* Products */;
			projectDirPath = "";
			projectRoot = "";
			targets = (
				BCAEF645277C2FFA00C3B3EC /* GBShop */,
				BCAEF65B277C2FFA00C3B3EC /* GBShopTests */,
				BCAEF665277C2FFA00C3B3EC /* GBShopUITests */,
			);
		};
/* End PBXProject section */

/* Begin PBXResourcesBuildPhase section */
		BCAEF644277C2FFA00C3B3EC /* Resources */ = {
			isa = PBXResourcesBuildPhase;
			buildActionMask = 2147483647;
			files = (
				BCAEF656277C2FFA00C3B3EC /* LaunchScreen.storyboard in Resources */,
				BCAEF653277C2FFA00C3B3EC /* Assets.xcassets in Resources */,
				BCAEF651277C2FFA00C3B3EC /* Main.storyboard in Resources */,
			);
			runOnlyForDeploymentPostprocessing = 0;
		};
		BCAEF65A277C2FFA00C3B3EC /* Resources */ = {
			isa = PBXResourcesBuildPhase;
			buildActionMask = 2147483647;
			files = (
			);
			runOnlyForDeploymentPostprocessing = 0;
		};
		BCAEF664277C2FFA00C3B3EC /* Resources */ = {
			isa = PBXResourcesBuildPhase;
			buildActionMask = 2147483647;
			files = (
			);
			runOnlyForDeploymentPostprocessing = 0;
		};
/* End PBXResourcesBuildPhase section */

/* Begin PBXSourcesBuildPhase section */
		BCAEF642277C2FFA00C3B3EC /* Sources */ = {
			isa = PBXSourcesBuildPhase;
			buildActionMask = 2147483647;
			files = (
				BCAEF64E277C2FFA00C3B3EC /* ViewController.swift in Sources */,
				BCAEF64A277C2FFA00C3B3EC /* AppDelegate.swift in Sources */,
				BCAEF64C277C2FFA00C3B3EC /* SceneDelegate.swift in Sources */,
			);
			runOnlyForDeploymentPostprocessing = 0;
		};
		BCAEF658277C2FFA00C3B3EC /* Sources */ = {
			isa = PBXSourcesBuildPhase;
			buildActionMask = 2147483647;
			files = (
				BCAEF661277C2FFA00C3B3EC /* GBShopTests.swift in Sources */,
			);
			runOnlyForDeploymentPostprocessing = 0;
		};
		BCAEF662277C2FFA00C3B3EC /* Sources */ = {
			isa = PBXSourcesBuildPhase;
			buildActionMask = 2147483647;
			files = (
				BCAEF66B277C2FFA00C3B3EC /* GBShopUITests.swift in Sources */,
				BCAEF66D277C2FFA00C3B3EC /* GBShopUITestsLaunchTests.swift in Sources */,
			);
			runOnlyForDeploymentPostprocessing = 0;
		};
/* End PBXSourcesBuildPhase section */

/* Begin PBXTargetDependency section */
		BCAEF65E277C2FFA00C3B3EC /* PBXTargetDependency */ = {
			isa = PBXTargetDependency;
			target = BCAEF645277C2FFA00C3B3EC /* GBShop */;
			targetProxy = BCAEF65D277C2FFA00C3B3EC /* PBXContainerItemProxy */;
		};
		BCAEF668277C2FFA00C3B3EC /* PBXTargetDependency */ = {
			isa = PBXTargetDependency;
			target = BCAEF645277C2FFA00C3B3EC /* GBShop */;
			targetProxy = BCAEF667277C2FFA00C3B3EC /* PBXContainerItemProxy */;
		};
/* End PBXTargetDependency section */

/* Begin PBXVariantGroup section */
		BCAEF64F277C2FFA00C3B3EC /* Main.storyboard */ = {
			isa = PBXVariantGroup;
			children = (
				BCAEF650277C2FFA00C3B3EC /* Base */,
			);
			name = Main.storyboard;
			sourceTree = "<group>";
		};
		BCAEF654277C2FFA00C3B3EC /* LaunchScreen.storyboard */ = {
			isa = PBXVariantGroup;
			children = (
				BCAEF655277C2FFA00C3B3EC /* Base */,
			);
			name = LaunchScreen.storyboard;
			sourceTree = "<group>";
		};
/* End PBXVariantGroup section */

/* Begin XCBuildConfiguration section */
		BCAEF66E277C2FFA00C3B3EC /* Debug */ = {
			isa = XCBuildConfiguration;
			buildSettings = {
				ALWAYS_SEARCH_USER_PATHS = NO;
				CLANG_ANALYZER_NONNULL = YES;
				CLANG_ANALYZER_NUMBER_OBJECT_CONVERSION = YES_AGGRESSIVE;
				CLANG_CXX_LANGUAGE_STANDARD = "gnu++17";
				CLANG_CXX_LIBRARY = "libc++";
				CLANG_ENABLE_MODULES = YES;
				CLANG_ENABLE_OBJC_ARC = YES;
				CLANG_ENABLE_OBJC_WEAK = YES;
				CLANG_WARN_BLOCK_CAPTURE_AUTORELEASING = YES;
				CLANG_WARN_BOOL_CONVERSION = YES;
				CLANG_WARN_COMMA = YES;
				CLANG_WARN_CONSTANT_CONVERSION = YES;
				CLANG_WARN_DEPRECATED_OBJC_IMPLEMENTATIONS = YES;
				CLANG_WARN_DIRECT_OBJC_ISA_USAGE = YES_ERROR;
				CLANG_WARN_DOCUMENTATION_COMMENTS = YES;
				CLANG_WARN_EMPTY_BODY = YES;
				CLANG_WARN_ENUM_CONVERSION = YES;
				CLANG_WARN_INFINITE_RECURSION = YES;
				CLANG_WARN_INT_CONVERSION = YES;
				CLANG_WARN_NON_LITERAL_NULL_CONVERSION = YES;
				CLANG_WARN_OBJC_IMPLICIT_RETAIN_SELF = YES;
				CLANG_WARN_OBJC_LITERAL_CONVERSION = YES;
				CLANG_WARN_OBJC_ROOT_CLASS = YES_ERROR;
				CLANG_WARN_QUOTED_INCLUDE_IN_FRAMEWORK_HEADER = YES;
				CLANG_WARN_RANGE_LOOP_ANALYSIS = YES;
				CLANG_WARN_STRICT_PROTOTYPES = YES;
				CLANG_WARN_SUSPICIOUS_MOVE = YES;
				CLANG_WARN_UNGUARDED_AVAILABILITY = YES_AGGRESSIVE;
				CLANG_WARN_UNREACHABLE_CODE = YES;
				CLANG_WARN__DUPLICATE_METHOD_MATCH = YES;
				COPY_PHASE_STRIP = NO;
				DEBUG_INFORMATION_FORMAT = dwarf;
				ENABLE_STRICT_OBJC_MSGSEND = YES;
				ENABLE_TESTABILITY = YES;
				GCC_C_LANGUAGE_STANDARD = gnu11;
				GCC_DYNAMIC_NO_PIC = NO;
				GCC_NO_COMMON_BLOCKS = YES;
				GCC_OPTIMIZATION_LEVEL = 0;
				GCC_PREPROCESSOR_DEFINITIONS = (
					"DEBUG=1",
					"$(inherited)",
				);
				GCC_WARN_64_TO_32_BIT_CONVERSION = YES;
				GCC_WARN_ABOUT_RETURN_TYPE = YES_ERROR;
				GCC_WARN_UNDECLARED_SELECTOR = YES;
				GCC_WARN_UNINITIALIZED_AUTOS = YES_AGGRESSIVE;
				GCC_WARN_UNUSED_FUNCTION = YES;
				GCC_WARN_UNUSED_VARIABLE = YES;
				IPHONEOS_DEPLOYMENT_TARGET = 15.0;
				MTL_ENABLE_DEBUG_INFO = INCLUDE_SOURCE;
				MTL_FAST_MATH = YES;
				ONLY_ACTIVE_ARCH = YES;
				SDKROOT = iphoneos;
				SWIFT_ACTIVE_COMPILATION_CONDITIONS = DEBUG;
				SWIFT_OPTIMIZATION_LEVEL = "-Onone";
			};
			name = Debug;
		};
		BCAEF66F277C2FFA00C3B3EC /* Release */ = {
			isa = XCBuildConfiguration;
			buildSettings = {
				ALWAYS_SEARCH_USER_PATHS = NO;
				CLANG_ANALYZER_NONNULL = YES;
				CLANG_ANALYZER_NUMBER_OBJECT_CONVERSION = YES_AGGRESSIVE;
				CLANG_CXX_LANGUAGE_STANDARD = "gnu++17";
				CLANG_CXX_LIBRARY = "libc++";
				CLANG_ENABLE_MODULES = YES;
				CLANG_ENABLE_OBJC_ARC = YES;
				CLANG_ENABLE_OBJC_WEAK = YES;
				CLANG_WARN_BLOCK_CAPTURE_AUTORELEASING = YES;
				CLANG_WARN_BOOL_CONVERSION = YES;
				CLANG_WARN_COMMA = YES;
				CLANG_WARN_CONSTANT_CONVERSION = YES;
				CLANG_WARN_DEPRECATED_OBJC_IMPLEMENTATIONS = YES;
				CLANG_WARN_DIRECT_OBJC_ISA_USAGE = YES_ERROR;
				CLANG_WARN_DOCUMENTATION_COMMENTS = YES;
				CLANG_WARN_EMPTY_BODY = YES;
				CLANG_WARN_ENUM_CONVERSION = YES;
				CLANG_WARN_INFINITE_RECURSION = YES;
				CLANG_WARN_INT_CONVERSION = YES;
				CLANG_WARN_NON_LITERAL_NULL_CONVERSION = YES;
				CLANG_WARN_OBJC_IMPLICIT_RETAIN_SELF = YES;
				CLANG_WARN_OBJC_LITERAL_CONVERSION = YES;
				CLANG_WARN_OBJC_ROOT_CLASS = YES_ERROR;
				CLANG_WARN_QUOTED_INCLUDE_IN_FRAMEWORK_HEADER = YES;
				CLANG_WARN_RANGE_LOOP_ANALYSIS = YES;
				CLANG_WARN_STRICT_PROTOTYPES = YES;
				CLANG_WARN_SUSPICIOUS_MOVE = YES;
				CLANG_WARN_UNGUARDED_AVAILABILITY = YES_AGGRESSIVE;
				CLANG_WARN_UNREACHABLE_CODE = YES;
				CLANG_WARN__DUPLICATE_METHOD_MATCH = YES;
				COPY_PHASE_STRIP = NO;
				DEBUG_INFORMATION_FORMAT = "dwarf-with-dsym";
				ENABLE_NS_ASSERTIONS = NO;
				ENABLE_STRICT_OBJC_MSGSEND = YES;
				GCC_C_LANGUAGE_STANDARD = gnu11;
				GCC_NO_COMMON_BLOCKS = YES;
				GCC_WARN_64_TO_32_BIT_CONVERSION = YES;
				GCC_WARN_ABOUT_RETURN_TYPE = YES_ERROR;
				GCC_WARN_UNDECLARED_SELECTOR = YES;
				GCC_WARN_UNINITIALIZED_AUTOS = YES_AGGRESSIVE;
				GCC_WARN_UNUSED_FUNCTION = YES;
				GCC_WARN_UNUSED_VARIABLE = YES;
				IPHONEOS_DEPLOYMENT_TARGET = 15.0;
				MTL_ENABLE_DEBUG_INFO = NO;
				MTL_FAST_MATH = YES;
				SDKROOT = iphoneos;
				SWIFT_COMPILATION_MODE = wholemodule;
				SWIFT_OPTIMIZATION_LEVEL = "-O";
				VALIDATE_PRODUCT = YES;
			};
			name = Release;
		};
		BCAEF671277C2FFA00C3B3EC /* Debug */ = {
			isa = XCBuildConfiguration;
			buildSettings = {
				ASSETCATALOG_COMPILER_APPICON_NAME = AppIcon;
				ASSETCATALOG_COMPILER_GLOBAL_ACCENT_COLOR_NAME = AccentColor;
				CODE_SIGN_STYLE = Automatic;
				CURRENT_PROJECT_VERSION = 1;
				DEVELOPMENT_TEAM = 6577GL836W;
				GENERATE_INFOPLIST_FILE = YES;
				INFOPLIST_FILE = GBShop/Info.plist;
				INFOPLIST_KEY_UIApplicationSupportsIndirectInputEvents = YES;
				INFOPLIST_KEY_UILaunchStoryboardName = LaunchScreen;
				INFOPLIST_KEY_UIMainStoryboardFile = Main;
				INFOPLIST_KEY_UISupportedInterfaceOrientations_iPad = "UIInterfaceOrientationPortrait UIInterfaceOrientationPortraitUpsideDown UIInterfaceOrientationLandscapeLeft UIInterfaceOrientationLandscapeRight";
				INFOPLIST_KEY_UISupportedInterfaceOrientations_iPhone = "UIInterfaceOrientationPortrait UIInterfaceOrientationLandscapeLeft UIInterfaceOrientationLandscapeRight";
				LD_RUNPATH_SEARCH_PATHS = (
					"$(inherited)",
					"@executable_path/Frameworks",
				);
				MARKETING_VERSION = 1.0;
				PRODUCT_BUNDLE_IDENTIFIER = myOrganization.GBShop;
				PRODUCT_NAME = "$(TARGET_NAME)";
				SWIFT_EMIT_LOC_STRINGS = YES;
				SWIFT_VERSION = 5.0;
				TARGETED_DEVICE_FAMILY = "1,2";
			};
			name = Debug;
		};
		BCAEF672277C2FFA00C3B3EC /* Release */ = {
			isa = XCBuildConfiguration;
			buildSettings = {
				ASSETCATALOG_COMPILER_APPICON_NAME = AppIcon;
				ASSETCATALOG_COMPILER_GLOBAL_ACCENT_COLOR_NAME = AccentColor;
				CODE_SIGN_STYLE = Automatic;
				CURRENT_PROJECT_VERSION = 1;
				DEVELOPMENT_TEAM = 6577GL836W;
				GENERATE_INFOPLIST_FILE = YES;
				INFOPLIST_FILE = GBShop/Info.plist;
				INFOPLIST_KEY_UIApplicationSupportsIndirectInputEvents = YES;
				INFOPLIST_KEY_UILaunchStoryboardName = LaunchScreen;
				INFOPLIST_KEY_UIMainStoryboardFile = Main;
				INFOPLIST_KEY_UISupportedInterfaceOrientations_iPad = "UIInterfaceOrientationPortrait UIInterfaceOrientationPortraitUpsideDown UIInterfaceOrientationLandscapeLeft UIInterfaceOrientationLandscapeRight";
				INFOPLIST_KEY_UISupportedInterfaceOrientations_iPhone = "UIInterfaceOrientationPortrait UIInterfaceOrientationLandscapeLeft UIInterfaceOrientationLandscapeRight";
				LD_RUNPATH_SEARCH_PATHS = (
					"$(inherited)",
					"@executable_path/Frameworks",
				);
				MARKETING_VERSION = 1.0;
				PRODUCT_BUNDLE_IDENTIFIER = myOrganization.GBShop;
				PRODUCT_NAME = "$(TARGET_NAME)";
				SWIFT_EMIT_LOC_STRINGS = YES;
				SWIFT_VERSION = 5.0;
				TARGETED_DEVICE_FAMILY = "1,2";
			};
			name = Release;
		};
		BCAEF674277C2FFA00C3B3EC /* Debug */ = {
			isa = XCBuildConfiguration;
			buildSettings = {
				ALWAYS_EMBED_SWIFT_STANDARD_LIBRARIES = YES;
				BUNDLE_LOADER = "$(TEST_HOST)";
				CODE_SIGN_STYLE = Automatic;
				CURRENT_PROJECT_VERSION = 1;
				DEVELOPMENT_TEAM = 6577GL836W;
				GENERATE_INFOPLIST_FILE = YES;
				IPHONEOS_DEPLOYMENT_TARGET = 15.0;
				LD_RUNPATH_SEARCH_PATHS = (
					"$(inherited)",
					"@executable_path/Frameworks",
					"@loader_path/Frameworks",
				);
				MARKETING_VERSION = 1.0;
				PRODUCT_BUNDLE_IDENTIFIER = myOrganization.GBShopTests;
				PRODUCT_NAME = "$(TARGET_NAME)";
				SWIFT_EMIT_LOC_STRINGS = NO;
				SWIFT_VERSION = 5.0;
				TARGETED_DEVICE_FAMILY = "1,2";
				TEST_HOST = "$(BUILT_PRODUCTS_DIR)/GBShop.app/GBShop";
			};
			name = Debug;
		};
		BCAEF675277C2FFA00C3B3EC /* Release */ = {
			isa = XCBuildConfiguration;
			buildSettings = {
				ALWAYS_EMBED_SWIFT_STANDARD_LIBRARIES = YES;
				BUNDLE_LOADER = "$(TEST_HOST)";
				CODE_SIGN_STYLE = Automatic;
				CURRENT_PROJECT_VERSION = 1;
				DEVELOPMENT_TEAM = 6577GL836W;
				GENERATE_INFOPLIST_FILE = YES;
				IPHONEOS_DEPLOYMENT_TARGET = 15.0;
				LD_RUNPATH_SEARCH_PATHS = (
					"$(inherited)",
					"@executable_path/Frameworks",
					"@loader_path/Frameworks",
				);
				MARKETING_VERSION = 1.0;
				PRODUCT_BUNDLE_IDENTIFIER = myOrganization.GBShopTests;
				PRODUCT_NAME = "$(TARGET_NAME)";
				SWIFT_EMIT_LOC_STRINGS = NO;
				SWIFT_VERSION = 5.0;
				TARGETED_DEVICE_FAMILY = "1,2";
				TEST_HOST = "$(BUILT_PRODUCTS_DIR)/GBShop.app/GBShop";
			};
			name = Release;
		};
		BCAEF677277C2FFA00C3B3EC /* Debug */ = {
			isa = XCBuildConfiguration;
			buildSettings = {
				ALWAYS_EMBED_SWIFT_STANDARD_LIBRARIES = YES;
				CODE_SIGN_STYLE = Automatic;
				CURRENT_PROJECT_VERSION = 1;
				DEVELOPMENT_TEAM = 6577GL836W;
				GENERATE_INFOPLIST_FILE = YES;
				LD_RUNPATH_SEARCH_PATHS = (
					"$(inherited)",
					"@executable_path/Frameworks",
					"@loader_path/Frameworks",
				);
				MARKETING_VERSION = 1.0;
				PRODUCT_BUNDLE_IDENTIFIER = myOrganization.GBShopUITests;
				PRODUCT_NAME = "$(TARGET_NAME)";
				SWIFT_EMIT_LOC_STRINGS = NO;
				SWIFT_VERSION = 5.0;
				TARGETED_DEVICE_FAMILY = "1,2";
				TEST_TARGET_NAME = GBShop;
			};
			name = Debug;
		};
		BCAEF678277C2FFA00C3B3EC /* Release */ = {
			isa = XCBuildConfiguration;
			buildSettings = {
				ALWAYS_EMBED_SWIFT_STANDARD_LIBRARIES = YES;
				CODE_SIGN_STYLE = Automatic;
				CURRENT_PROJECT_VERSION = 1;
				DEVELOPMENT_TEAM = 6577GL836W;
				GENERATE_INFOPLIST_FILE = YES;
				LD_RUNPATH_SEARCH_PATHS = (
					"$(inherited)",
					"@executable_path/Frameworks",
					"@loader_path/Frameworks",
				);
				MARKETING_VERSION = 1.0;
				PRODUCT_BUNDLE_IDENTIFIER = myOrganization.GBShopUITests;
				PRODUCT_NAME = "$(TARGET_NAME)";
				SWIFT_EMIT_LOC_STRINGS = NO;
				SWIFT_VERSION = 5.0;
				TARGETED_DEVICE_FAMILY = "1,2";
				TEST_TARGET_NAME = GBShop;
			};
			name = Release;
		};
/* End XCBuildConfiguration section */

/* Begin XCConfigurationList section */
		BCAEF641277C2FFA00C3B3EC /* Build configuration list for PBXProject "GBShop" */ = {
			isa = XCConfigurationList;
			buildConfigurations = (
				BCAEF66E277C2FFA00C3B3EC /* Debug */,
				BCAEF66F277C2FFA00C3B3EC /* Release */,
			);
			defaultConfigurationIsVisible = 0;
			defaultConfigurationName = Release;
		};
		BCAEF670277C2FFA00C3B3EC /* Build configuration list for PBXNativeTarget "GBShop" */ = {
			isa = XCConfigurationList;
			buildConfigurations = (
				BCAEF671277C2FFA00C3B3EC /* Debug */,
				BCAEF672277C2FFA00C3B3EC /* Release */,
			);
			defaultConfigurationIsVisible = 0;
			defaultConfigurationName = Release;
		};
		BCAEF673277C2FFA00C3B3EC /* Build configuration list for PBXNativeTarget "GBShopTests" */ = {
			isa = XCConfigurationList;
			buildConfigurations = (
				BCAEF674277C2FFA00C3B3EC /* Debug */,
				BCAEF675277C2FFA00C3B3EC /* Release */,
			);
			defaultConfigurationIsVisible = 0;
			defaultConfigurationName = Release;
		};
		BCAEF676277C2FFA00C3B3EC /* Build configuration list for PBXNativeTarget "GBShopUITests" */ = {
			isa = XCConfigurationList;
			buildConfigurations = (
				BCAEF677277C2FFA00C3B3EC /* Debug */,
				BCAEF678277C2FFA00C3B3EC /* Release */,
			);
			defaultConfigurationIsVisible = 0;
			defaultConfigurationName = Release;
		};
/* End XCConfigurationList section */
	};
	rootObject = BCAEF63E277C2FFA00C3B3EC /* Project object */;
}
